{
  "name": "pokemongomap",
  "version": "0.0.1",
  "lockfileVersion": 2,
  "requires": true,
  "packages": {
    "": {
      "name": "pokemongomap",
      "version": "0.0.1",
      "license": "ISC",
      "dependencies": {
        "leaflet": "^1.7.1",
        "leaflet-search": "^2.9.9",
        "leaflet-tag-filter-button": "0.0.5",
        "s2-geometry": "^1.2.10"
      }
    },
    "node_modules/leaflet": {
      "version": "1.7.1",
      "resolved": "https://registry.npmjs.org/leaflet/-/leaflet-1.7.1.tgz",
      "integrity": "sha512-/xwPEBidtg69Q3HlqPdU3DnrXQOvQU/CCHA1tcDQVzOwm91YMYaILjNp7L4Eaw5Z4sOYdbBz6koWyibppd8Zqw=="
    },
    "node_modules/leaflet-easybutton": {
      "version": "2.4.0",
      "resolved": "https://registry.npmjs.org/leaflet-easybutton/-/leaflet-easybutton-2.4.0.tgz",
      "integrity": "sha512-O+qsQq4zTF6ds8VClnytobTH/MKalctlPpiA8L+bNKHP14J3lgJpvEd/jSpq9mHTI6qOzRAvbQX6wS6qNwThvg==",
      "dependencies": {
        "leaflet": "^1.0.1"
      }
    },
    "node_modules/leaflet-search": {
      "version": "2.9.9",
      "resolved": "https://registry.npmjs.org/leaflet-search/-/leaflet-search-2.9.9.tgz",
      "integrity": "sha512-sGPjkMz9gQP+CKrY0G/RjQFWHdt1/KDJQiouv1dWogtN66rcE/aPR/DOduCXM3Um+VgsAmr5+jRQ0iK3Fs9I8A==",
      "dependencies": {
        "leaflet": "*"
      }
    },
    "node_modules/leaflet-tag-filter-button": {
      "version": "0.0.5",
      "resolved": "https://registry.npmjs.org/leaflet-tag-filter-button/-/leaflet-tag-filter-button-0.0.5.tgz",
      "integrity": "sha512-iZIhLnCSyECqrmUw82osHiW7XOsPzaHgVS9QywLZg+MoKsmm55NQMgdtJcZPQpHug/P5RENfeQg9nDzTWPcerA==",
      "dependencies": {
        "leaflet": "*",
        "leaflet-easybutton": "*"
      }
    },
    "node_modules/long": {
      "version": "3.2.0",
      "resolved": "https://registry.npmjs.org/long/-/long-3.2.0.tgz",
      "integrity": "sha1-2CG3E4yhy1gcFymQ7xTbIAtcR0s=",
      "engines": {
        "node": ">=0.6"
      }
    },
    "node_modules/s2-geometry": {
      "version": "1.2.10",
      "resolved": "https://registry.npmjs.org/s2-geometry/-/s2-geometry-1.2.10.tgz",
      "integrity": "sha1-xv8i8+zK/Q7qSRtgtEwUG5iHrKs=",
      "dependencies": {
        "long": "^3.2.0"
      }
    }
  },
  "dependencies": {
    "leaflet": {
      "version": "1.7.1",
      "resolved": "https://registry.npmjs.org/leaflet/-/leaflet-1.7.1.tgz",
      "integrity": "sha512-/xwPEBidtg69Q3HlqPdU3DnrXQOvQU/CCHA1tcDQVzOwm91YMYaILjNp7L4Eaw5Z4sOYdbBz6koWyibppd8Zqw=="
    },
    "leaflet-easybutton": {
      "version": "2.4.0",
      "resolved": "https://registry.npmjs.org/leaflet-easybutton/-/leaflet-easybutton-2.4.0.tgz",
      "integrity": "sha512-O+qsQq4zTF6ds8VClnytobTH/MKalctlPpiA8L+bNKHP14J3lgJpvEd/jSpq9mHTI6qOzRAvbQX6wS6qNwThvg==",
      "requires": {
        "leaflet": "^1.0.1"
      }
    },
    "leaflet-search": {
      "version": "2.9.9",
      "resolved": "https://registry.npmjs.org/leaflet-search/-/leaflet-search-2.9.9.tgz",
      "integrity": "sha512-sGPjkMz9gQP+CKrY0G/RjQFWHdt1/KDJQiouv1dWogtN66rcE/aPR/DOduCXM3Um+VgsAmr5+jRQ0iK3Fs9I8A==",
      "requires": {
        "leaflet": "*"
      }
    },
    "leaflet-tag-filter-button": {
      "version": "0.0.5",
      "resolved": "https://registry.npmjs.org/leaflet-tag-filter-button/-/leaflet-tag-filter-button-0.0.5.tgz",
      "integrity": "sha512-iZIhLnCSyECqrmUw82osHiW7XOsPzaHgVS9QywLZg+MoKsmm55NQMgdtJcZPQpHug/P5RENfeQg9nDzTWPcerA==",
      "requires": {
        "leaflet": "*",
        "leaflet-easybutton": "*"
      }
    },
    "long": {
      "version": "3.2.0",
      "resolved": "https://registry.npmjs.org/long/-/long-3.2.0.tgz",
      "integrity": "sha1-2CG3E4yhy1gcFymQ7xTbIAtcR0s="
    },
    "s2-geometry": {
      "version": "1.2.10",
      "resolved": "https://registry.npmjs.org/s2-geometry/-/s2-geometry-1.2.10.tgz",
      "integrity": "sha1-xv8i8+zK/Q7qSRtgtEwUG5iHrKs=",
      "requires": {
        "long": "^3.2.0"
      }
    }
  }
}
